
Microsoft Visual Studio Solution File, Format Version 12.00
# Visual Studio Version 17
VisualStudioVersion = 17.2.32519.379
MinimumVisualStudioVersion = 10.0.40219.1
Project("{9A19103F-16F7-4668-BE54-9A1E7A4F7556}") = "Main", "JuegoPasiona\Main.csproj", "{310E6497-6B9A-4B79-98D7-C74CC73EF9FA}"
EndProject
Project("{9A19103F-16F7-4668-BE54-9A1E7A4F7556}") = "Barajas", "Barajas\Barajas.csproj", "{222504FB-37C5-4BDE-9158-E6A5D6F0DF5F}"
EndProject
Project("{9A19103F-16F7-4668-BE54-9A1E7A4F7556}") = "Comprobaciones", "Comprobaciones\Comprobaciones.csproj", "{1F2F9B7E-CEF3-435D-90D9-D5ECB1C641A3}"
EndProject
Project("{9A19103F-16F7-4668-BE54-9A1E7A4F7556}") = "Juego", "Juego\Juego.csproj", "{15262160-1E20-4352-B745-33B4A644DA00}"
EndProject
Project("{9A19103F-16F7-4668-BE54-9A1E7A4F7556}") = "Jugadores", "Jugadores\Jugadores.csproj", "{30619CB4-7EF8-4CC9-9FB3-0FD6B853A956}"
EndProject
Project("{9A19103F-16F7-4668-BE54-9A1E7A4F7556}") = "Extensiones", "Extensiones\Extensiones.csproj", "{D0A8721D-6705-4E42-AB23-40EF7EC104EF}"
EndProject
Project("{9A19103F-16F7-4668-BE54-9A1E7A4F7556}") = "HistorialPartidas", "HistorialPartidas\HistorialPartidas.csproj", "{2F034509-F533-4C19-BFAD-6FFAA31FDA44}"
EndProject
Global
	GlobalSection(SolutionConfigurationPlatforms) = preSolution
		Debug|Any CPU = Debug|Any CPU
		Release|Any CPU = Release|Any CPU
	EndGlobalSection
	GlobalSection(ProjectConfigurationPlatforms) = postSolution
		{310E6497-6B9A-4B79-98D7-C74CC73EF9FA}.Debug|Any CPU.ActiveCfg = Debug|Any CPU
		{310E6497-6B9A-4B79-98D7-C74CC73EF9FA}.Debug|Any CPU.Build.0 = Debug|Any CPU
		{310E6497-6B9A-4B79-98D7-C74CC73EF9FA}.Release|Any CPU.ActiveCfg = Release|Any CPU
		{310E6497-6B9A-4B79-98D7-C74CC73EF9FA}.Release|Any CPU.Build.0 = Release|Any CPU
		{222504FB-37C5-4BDE-9158-E6A5D6F0DF5F}.Debug|Any CPU.ActiveCfg = Debug|Any CPU
		{222504FB-37C5-4BDE-9158-E6A5D6F0DF5F}.Debug|Any CPU.Build.0 = Debug|Any CPU
		{222504FB-37C5-4BDE-9158-E6A5D6F0DF5F}.Release|Any CPU.ActiveCfg = Release|Any CPU
		{222504FB-37C5-4BDE-9158-E6A5D6F0DF5F}.Release|Any CPU.Build.0 = Release|Any CPU
		{1F2F9B7E-CEF3-435D-90D9-D5ECB1C641A3}.Debug|Any CPU.ActiveCfg = Debug|Any CPU
		{1F2F9B7E-CEF3-435D-90D9-D5ECB1C641A3}.Debug|Any CPU.Build.0 = Debug|Any CPU
		{1F2F9B7E-CEF3-435D-90D9-D5ECB1C641A3}.Release|Any CPU.ActiveCfg = Release|Any CPU
		{1F2F9B7E-CEF3-435D-90D9-D5ECB1C641A3}.Release|Any CPU.Build.0 = Release|Any CPU
		{15262160-1E20-4352-B745-33B4A644DA00}.Debug|Any CPU.ActiveCfg = Debug|Any CPU
		{15262160-1E20-4352-B745-33B4A644DA00}.Debug|Any CPU.Build.0 = Debug|Any CPU
		{15262160-1E20-4352-B745-33B4A644DA00}.Release|Any CPU.ActiveCfg = Release|Any CPU
		{15262160-1E20-4352-B745-33B4A644DA00}.Release|Any CPU.Build.0 = Release|Any CPU
		{30619CB4-7EF8-4CC9-9FB3-0FD6B853A956}.Debug|Any CPU.ActiveCfg = Debug|Any CPU
		{30619CB4-7EF8-4CC9-9FB3-0FD6B853A956}.Debug|Any CPU.Build.0 = Debug|Any CPU
		{30619CB4-7EF8-4CC9-9FB3-0FD6B853A956}.Release|Any CPU.ActiveCfg = Release|Any CPU
		{30619CB4-7EF8-4CC9-9FB3-0FD6B853A956}.Release|Any CPU.Build.0 = Release|Any CPU
		{D0A8721D-6705-4E42-AB23-40EF7EC104EF}.Debug|Any CPU.ActiveCfg = Debug|Any CPU
		{D0A8721D-6705-4E42-AB23-40EF7EC104EF}.Debug|Any CPU.Build.0 = Debug|Any CPU
		{D0A8721D-6705-4E42-AB23-40EF7EC104EF}.Release|Any CPU.ActiveCfg = Release|Any CPU
		{D0A8721D-6705-4E42-AB23-40EF7EC104EF}.Release|Any CPU.Build.0 = Release|Any CPU
		{2F034509-F533-4C19-BFAD-6FFAA31FDA44}.Debug|Any CPU.ActiveCfg = Debug|Any CPU
		{2F034509-F533-4C19-BFAD-6FFAA31FDA44}.Debug|Any CPU.Build.0 = Debug|Any CPU
		{2F034509-F533-4C19-BFAD-6FFAA31FDA44}.Release|Any CPU.ActiveCfg = Release|Any CPU
		{2F034509-F533-4C19-BFAD-6FFAA31FDA44}.Release|Any CPU.Build.0 = Release|Any CPU
	EndGlobalSection
	GlobalSection(SolutionProperties) = preSolution
		HideSolutionNode = FALSE
	EndGlobalSection
	GlobalSection(ExtensibilityGlobals) = postSolution
		SolutionGuid = {EC9B4AFB-EF4B-4950-92EC-B9C7E8DC7909}
	EndGlobalSection
EndGlobal
