
Microsoft Visual Studio Solution File, Format Version 12.00
# Visual Studio Version 17
VisualStudioVersion = 17.7.34221.43
MinimumVisualStudioVersion = 10.0.40219.1
Project("{FAE04EC0-301F-11D3-BF4B-00C04F79EFBC}") = "DBFirstTest", "DBFirstTest\DBFirstTest.csproj", "{E548F0F8-C0AE-471A-A728-F3C60A8B2A7E}"
EndProject
Global
	GlobalSection(SolutionConfigurationPlatforms) = preSolution
		Debug|Any CPU = Debug|Any CPU
		Release|Any CPU = Release|Any CPU
	EndGlobalSection
	GlobalSection(ProjectConfigurationPlatforms) = postSolution
		{E548F0F8-C0AE-471A-A728-F3C60A8B2A7E}.Debug|Any CPU.ActiveCfg = Debug|Any CPU
		{E548F0F8-C0AE-471A-A728-F3C60A8B2A7E}.Debug|Any CPU.Build.0 = Debug|Any CPU
		{E548F0F8-C0AE-471A-A728-F3C60A8B2A7E}.Release|Any CPU.ActiveCfg = Release|Any CPU
		{E548F0F8-C0AE-471A-A728-F3C60A8B2A7E}.Release|Any CPU.Build.0 = Release|Any CPU
	EndGlobalSection
	GlobalSection(SolutionProperties) = preSolution
		HideSolutionNode = FALSE
	EndGlobalSection
	GlobalSection(ExtensibilityGlobals) = postSolution
		SolutionGuid = {A0428BC8-2F40-425F-9B88-9A5AA3BFF2B6}
	EndGlobalSection
EndGlobal
