
Microsoft Visual Studio Solution File, Format Version 12.00
# Visual Studio Version 17
VisualStudioVersion = 17.7.34221.43
MinimumVisualStudioVersion = 10.0.40219.1
Project("{FAE04EC0-301F-11D3-BF4B-00C04F79EFBC}") = "FormTest01", "FormTest01\FormTest01.csproj", "{8D20E78F-9D4A-4032-BF6F-E53C014378CF}"
EndProject
Global
	GlobalSection(SolutionConfigurationPlatforms) = preSolution
		Debug|Any CPU = Debug|Any CPU
		Release|Any CPU = Release|Any CPU
	EndGlobalSection
	GlobalSection(ProjectConfigurationPlatforms) = postSolution
		{8D20E78F-9D4A-4032-BF6F-E53C014378CF}.Debug|Any CPU.ActiveCfg = Debug|Any CPU
		{8D20E78F-9D4A-4032-BF6F-E53C014378CF}.Debug|Any CPU.Build.0 = Debug|Any CPU
		{8D20E78F-9D4A-4032-BF6F-E53C014378CF}.Release|Any CPU.ActiveCfg = Release|Any CPU
		{8D20E78F-9D4A-4032-BF6F-E53C014378CF}.Release|Any CPU.Build.0 = Release|Any CPU
	EndGlobalSection
	GlobalSection(SolutionProperties) = preSolution
		HideSolutionNode = FALSE
	EndGlobalSection
	GlobalSection(ExtensibilityGlobals) = postSolution
		SolutionGuid = {D9E445A6-75A0-47E0-A570-5FE50B91EB13}
	EndGlobalSection
EndGlobal
