
Microsoft Visual Studio Solution File, Format Version 12.00
# Visual Studio Version 17
VisualStudioVersion = 17.2.32526.322
MinimumVisualStudioVersion = 10.0.40219.1
Project("{FAE04EC0-301F-11D3-BF4B-00C04F79EFBC}") = "MiPrimerMVC", "MiPrimerMVC\MiPrimerMVC.csproj", "{B1871DAB-2D6F-4A0C-BC27-E958C213F616}"
EndProject
Global
	GlobalSection(SolutionConfigurationPlatforms) = preSolution
		Debug|Any CPU = Debug|Any CPU
		Release|Any CPU = Release|Any CPU
	EndGlobalSection
	GlobalSection(ProjectConfigurationPlatforms) = postSolution
		{B1871DAB-2D6F-4A0C-BC27-E958C213F616}.Debug|Any CPU.ActiveCfg = Debug|Any CPU
		{B1871DAB-2D6F-4A0C-BC27-E958C213F616}.Debug|Any CPU.Build.0 = Debug|Any CPU
		{B1871DAB-2D6F-4A0C-BC27-E958C213F616}.Release|Any CPU.ActiveCfg = Release|Any CPU
		{B1871DAB-2D6F-4A0C-BC27-E958C213F616}.Release|Any CPU.Build.0 = Release|Any CPU
	EndGlobalSection
	GlobalSection(SolutionProperties) = preSolution
		HideSolutionNode = FALSE
	EndGlobalSection
	GlobalSection(ExtensibilityGlobals) = postSolution
		SolutionGuid = {B687147B-695B-484F-B1A1-F97325E478A6}
	EndGlobalSection
EndGlobal
