
Microsoft Visual Studio Solution File, Format Version 12.00
# Visual Studio Version 17
VisualStudioVersion = 17.2.32526.322
MinimumVisualStudioVersion = 10.0.40219.1
Project("{FAE04EC0-301F-11D3-BF4B-00C04F79EFBC}") = "PruebaxUnit", "PruebaxUnit\PruebaxUnit.csproj", "{F13D6AF0-2CBA-47F8-BA85-BAF3F7B015E0}"
EndProject
Project("{FAE04EC0-301F-11D3-BF4B-00C04F79EFBC}") = "testCuadrado", "testCuadrado\testCuadrado.csproj", "{241FC43D-4A72-40B5-832C-AAC20B4A664F}"
EndProject
Global
	GlobalSection(SolutionConfigurationPlatforms) = preSolution
		Debug|Any CPU = Debug|Any CPU
		Release|Any CPU = Release|Any CPU
	EndGlobalSection
	GlobalSection(ProjectConfigurationPlatforms) = postSolution
		{F13D6AF0-2CBA-47F8-BA85-BAF3F7B015E0}.Debug|Any CPU.ActiveCfg = Debug|Any CPU
		{F13D6AF0-2CBA-47F8-BA85-BAF3F7B015E0}.Debug|Any CPU.Build.0 = Debug|Any CPU
		{F13D6AF0-2CBA-47F8-BA85-BAF3F7B015E0}.Release|Any CPU.ActiveCfg = Release|Any CPU
		{F13D6AF0-2CBA-47F8-BA85-BAF3F7B015E0}.Release|Any CPU.Build.0 = Release|Any CPU
		{241FC43D-4A72-40B5-832C-AAC20B4A664F}.Debug|Any CPU.ActiveCfg = Debug|Any CPU
		{241FC43D-4A72-40B5-832C-AAC20B4A664F}.Debug|Any CPU.Build.0 = Debug|Any CPU
		{241FC43D-4A72-40B5-832C-AAC20B4A664F}.Release|Any CPU.ActiveCfg = Release|Any CPU
		{241FC43D-4A72-40B5-832C-AAC20B4A664F}.Release|Any CPU.Build.0 = Release|Any CPU
	EndGlobalSection
	GlobalSection(SolutionProperties) = preSolution
		HideSolutionNode = FALSE
	EndGlobalSection
	GlobalSection(ExtensibilityGlobals) = postSolution
		SolutionGuid = {69567ED2-8211-4C76-9993-0B227ADFCEA4}
	EndGlobalSection
EndGlobal
