
Microsoft Visual Studio Solution File, Format Version 12.00
# Visual Studio Version 17
VisualStudioVersion = 17.2.32519.379
MinimumVisualStudioVersion = 10.0.40219.1
Project("{9A19103F-16F7-4668-BE54-9A1E7A4F7556}") = "Ejercicios01", "Ejercicios01\Ejercicios01.csproj", "{F10B8FC9-4E03-4932-B8A2-B8CAC3E583FB}"
EndProject
Project("{9A19103F-16F7-4668-BE54-9A1E7A4F7556}") = "EjemplosCadenas", "EjemplosCadenas\EjemplosCadenas.csproj", "{AFFC1121-16A4-4143-A86E-83D268187C06}"
EndProject
Project("{9A19103F-16F7-4668-BE54-9A1E7A4F7556}") = "EjemplosArray", "EjemplosArray\EjemplosArray.csproj", "{ABF7E8A3-0192-4144-88BE-2F3A315B34AA}"
EndProject
Project("{9A19103F-16F7-4668-BE54-9A1E7A4F7556}") = "EjemplosMetodos", "EjemplosMetodos\EjemplosMetodos.csproj", "{85258215-3AFD-4C30-825B-8E0CFA0EA9AD}"
EndProject
Project("{9A19103F-16F7-4668-BE54-9A1E7A4F7556}") = "EjemplosEnumStruct", "EjemplosEnumStruct\EjemplosEnumStruct.csproj", "{5E25FF41-A441-4773-97B9-EDB291727504}"
EndProject
Project("{9A19103F-16F7-4668-BE54-9A1E7A4F7556}") = "EjemplosClases", "EjemplosClases\EjemplosClases.csproj", "{7CA896F4-86C2-4904-B58A-6410B0500FE2}"
EndProject
Project("{9A19103F-16F7-4668-BE54-9A1E7A4F7556}") = "EjemplosHerencia", "EjemplosHerencia\EjemplosHerencia.csproj", "{262E3152-6FED-4378-8E9B-CBAC26DA8C7A}"
EndProject
Project("{9A19103F-16F7-4668-BE54-9A1E7A4F7556}") = "Pruebas", "Pruebas\Pruebas.csproj", "{205E5A0E-B646-4575-B5FE-130BF0A45E5D}"
EndProject
Project("{9A19103F-16F7-4668-BE54-9A1E7A4F7556}") = "PiedraPapelTijera_v01", "PiedraPapelTijera_v01\PiedraPapelTijera_v01.csproj", "{30E4A57B-54AC-44A6-9D87-A80732482A40}"
EndProject
Project("{9A19103F-16F7-4668-BE54-9A1E7A4F7556}") = "PiedraPapelTijerasLS_v02", "PiedraPapelTijerasLS_v02\PiedraPapelTijerasLS_v02.csproj", "{D2BBEB76-4611-4DA8-89D6-9B358B763FF8}"
EndProject
Project("{9A19103F-16F7-4668-BE54-9A1E7A4F7556}") = "PiedraPapelTijerasSOLID_03", "PiedraPapelTijerasSOLID_03\PiedraPapelTijerasSOLID_03.csproj", "{279448B8-94D0-4135-9814-C36CFA55540D}"
EndProject
Project("{9A19103F-16F7-4668-BE54-9A1E7A4F7556}") = "PiedraPepelTijera_04", "PiedraPepelTijera_04\PiedraPepelTijera_04.csproj", "{28201FD4-7ED9-4E95-BA2F-1D540FA82DAB}"
EndProject
Project("{9A19103F-16F7-4668-BE54-9A1E7A4F7556}") = "ArrayList", "EjemplosNoGenericas\ArrayList.csproj", "{53756875-8CD3-4BBA-8195-FC7385F9EF9A}"
EndProject
Project("{9A19103F-16F7-4668-BE54-9A1E7A4F7556}") = "HashTable", "HashTable\HashTable.csproj", "{9BCA32AB-7D3D-4B48-A5AE-0A52249D64DE}"
EndProject
Project("{9A19103F-16F7-4668-BE54-9A1E7A4F7556}") = "Genericas", "Genericas\Genericas.csproj", "{71EA2DA3-6C4A-4A28-AE52-EC828573B549}"
EndProject
Project("{9A19103F-16F7-4668-BE54-9A1E7A4F7556}") = "GenericosPropios", "GenericosPropios\GenericosPropios.csproj", "{F0936567-EC14-4BA6-99F1-7EF182D42827}"
EndProject
Project("{FAE04EC0-301F-11D3-BF4B-00C04F79EFBC}") = "AgendaTelefonos", "AgendaTelefonos\AgendaTelefonos\AgendaTelefonos.csproj", "{87B72C6A-91F0-40DC-AA66-E169DAC620CE}"
EndProject
Project("{9A19103F-16F7-4668-BE54-9A1E7A4F7556}") = "Campeonato", "Campeonato\Campeonato.csproj", "{DC38AE8D-2E1A-4635-AFE2-D7B5755C67AC}"
EndProject
Project("{FAE04EC0-301F-11D3-BF4B-00C04F79EFBC}") = "Ikea", "..\..\CSharp-master\TiposGenericos\Ikea\Ikea\Ikea.csproj", "{E763478E-8415-4471-BF20-E154770292E3}"
EndProject
Project("{9A19103F-16F7-4668-BE54-9A1E7A4F7556}") = "Indexadores", "Indexadores\Indexadores.csproj", "{8356B257-312F-4195-8791-759D31DA6CF3}"
EndProject
Project("{FAE04EC0-301F-11D3-BF4B-00C04F79EFBC}") = "Delegados", "DelegadosEventos\Delegados\Delegados\Delegados.csproj", "{D7B993FD-6A98-406D-A726-9743C5FCA68C}"
EndProject
Project("{9A19103F-16F7-4668-BE54-9A1E7A4F7556}") = "DelegadosFiguras", "DelegadosFiguras\DelegadosFiguras.csproj", "{0693D27C-75A3-4BD1-B439-D61FBEE6CE65}"
EndProject
Project("{FAE04EC0-301F-11D3-BF4B-00C04F79EFBC}") = "Producto", "DelegadosEventos\Producto\Producto\Producto.csproj", "{DA5DCB74-D0EF-436E-AC21-ED80F22EE5DF}"
EndProject
Project("{9A19103F-16F7-4668-BE54-9A1E7A4F7556}") = "FiestaAlumnos", "FiestaAlumnos\FiestaAlumnos.csproj", "{80EBE872-EC56-482F-88FB-F540C125175F}"
EndProject
Project("{9A19103F-16F7-4668-BE54-9A1E7A4F7556}") = "JuegosCartas", "JuegosCartas\JuegosCartas.csproj", "{546E9E21-8B6E-44EC-87F4-5297949A43C1}"
EndProject
Project("{FAE04EC0-301F-11D3-BF4B-00C04F79EFBC}") = "EventoSencillo", "DelegadosEventos\EventoSencillo\EventoSencillo\EventoSencillo.csproj", "{5F547235-F799-4613-9683-E866DE057FD0}"
EndProject
Project("{9A19103F-16F7-4668-BE54-9A1E7A4F7556}") = "EmpresaDespidos", "DelegadosEventos\EmpresaDespidos\EmpresaDespidos\EmpresaDespidos.csproj", "{131F24EA-9293-4A67-AD46-B3477CB39754}"
EndProject
Project("{FAE04EC0-301F-11D3-BF4B-00C04F79EFBC}") = "LinqBasico", "..\..\CSharp-master\LINQ\LinqBasico\LinqBasico\LinqBasico.csproj", "{4A5D42E9-B58A-4640-AFE8-4EF2892A1F11}"
EndProject
Project("{9A19103F-16F7-4668-BE54-9A1E7A4F7556}") = "ExpresionesRegulares", "Regex\ExpresionesRegulares\ExpresionesRegulares\ExpresionesRegulares.csproj", "{225063A3-6C7F-4E83-96E9-B4913C4E05CC}"
EndProject
Project("{9A19103F-16F7-4668-BE54-9A1E7A4F7556}") = "Enlaces", "Regex\Enlaces\Enlaces\Enlaces.csproj", "{9C0371FB-A97B-4F91-8620-6A856AF92025}"
EndProject
Project("{FAE04EC0-301F-11D3-BF4B-00C04F79EFBC}") = "Ruleta", "Ruleta\Ruleta.csproj", "{B67CB323-1E33-459F-9801-576D1A9F91B6}"
EndProject
Global
	GlobalSection(SolutionConfigurationPlatforms) = preSolution
		Debug|Any CPU = Debug|Any CPU
		Release|Any CPU = Release|Any CPU
	EndGlobalSection
	GlobalSection(ProjectConfigurationPlatforms) = postSolution
		{F10B8FC9-4E03-4932-B8A2-B8CAC3E583FB}.Debug|Any CPU.ActiveCfg = Debug|Any CPU
		{F10B8FC9-4E03-4932-B8A2-B8CAC3E583FB}.Debug|Any CPU.Build.0 = Debug|Any CPU
		{F10B8FC9-4E03-4932-B8A2-B8CAC3E583FB}.Release|Any CPU.ActiveCfg = Release|Any CPU
		{F10B8FC9-4E03-4932-B8A2-B8CAC3E583FB}.Release|Any CPU.Build.0 = Release|Any CPU
		{AFFC1121-16A4-4143-A86E-83D268187C06}.Debug|Any CPU.ActiveCfg = Debug|Any CPU
		{AFFC1121-16A4-4143-A86E-83D268187C06}.Debug|Any CPU.Build.0 = Debug|Any CPU
		{AFFC1121-16A4-4143-A86E-83D268187C06}.Release|Any CPU.ActiveCfg = Release|Any CPU
		{AFFC1121-16A4-4143-A86E-83D268187C06}.Release|Any CPU.Build.0 = Release|Any CPU
		{ABF7E8A3-0192-4144-88BE-2F3A315B34AA}.Debug|Any CPU.ActiveCfg = Debug|Any CPU
		{ABF7E8A3-0192-4144-88BE-2F3A315B34AA}.Debug|Any CPU.Build.0 = Debug|Any CPU
		{ABF7E8A3-0192-4144-88BE-2F3A315B34AA}.Release|Any CPU.ActiveCfg = Release|Any CPU
		{ABF7E8A3-0192-4144-88BE-2F3A315B34AA}.Release|Any CPU.Build.0 = Release|Any CPU
		{85258215-3AFD-4C30-825B-8E0CFA0EA9AD}.Debug|Any CPU.ActiveCfg = Debug|Any CPU
		{85258215-3AFD-4C30-825B-8E0CFA0EA9AD}.Debug|Any CPU.Build.0 = Debug|Any CPU
		{85258215-3AFD-4C30-825B-8E0CFA0EA9AD}.Release|Any CPU.ActiveCfg = Release|Any CPU
		{85258215-3AFD-4C30-825B-8E0CFA0EA9AD}.Release|Any CPU.Build.0 = Release|Any CPU
		{5E25FF41-A441-4773-97B9-EDB291727504}.Debug|Any CPU.ActiveCfg = Debug|Any CPU
		{5E25FF41-A441-4773-97B9-EDB291727504}.Debug|Any CPU.Build.0 = Debug|Any CPU
		{5E25FF41-A441-4773-97B9-EDB291727504}.Release|Any CPU.ActiveCfg = Release|Any CPU
		{5E25FF41-A441-4773-97B9-EDB291727504}.Release|Any CPU.Build.0 = Release|Any CPU
		{7CA896F4-86C2-4904-B58A-6410B0500FE2}.Debug|Any CPU.ActiveCfg = Debug|Any CPU
		{7CA896F4-86C2-4904-B58A-6410B0500FE2}.Debug|Any CPU.Build.0 = Debug|Any CPU
		{7CA896F4-86C2-4904-B58A-6410B0500FE2}.Release|Any CPU.ActiveCfg = Release|Any CPU
		{7CA896F4-86C2-4904-B58A-6410B0500FE2}.Release|Any CPU.Build.0 = Release|Any CPU
		{262E3152-6FED-4378-8E9B-CBAC26DA8C7A}.Debug|Any CPU.ActiveCfg = Debug|Any CPU
		{262E3152-6FED-4378-8E9B-CBAC26DA8C7A}.Debug|Any CPU.Build.0 = Debug|Any CPU
		{262E3152-6FED-4378-8E9B-CBAC26DA8C7A}.Release|Any CPU.ActiveCfg = Release|Any CPU
		{262E3152-6FED-4378-8E9B-CBAC26DA8C7A}.Release|Any CPU.Build.0 = Release|Any CPU
		{205E5A0E-B646-4575-B5FE-130BF0A45E5D}.Debug|Any CPU.ActiveCfg = Debug|Any CPU
		{205E5A0E-B646-4575-B5FE-130BF0A45E5D}.Debug|Any CPU.Build.0 = Debug|Any CPU
		{205E5A0E-B646-4575-B5FE-130BF0A45E5D}.Release|Any CPU.ActiveCfg = Release|Any CPU
		{205E5A0E-B646-4575-B5FE-130BF0A45E5D}.Release|Any CPU.Build.0 = Release|Any CPU
		{30E4A57B-54AC-44A6-9D87-A80732482A40}.Debug|Any CPU.ActiveCfg = Debug|Any CPU
		{30E4A57B-54AC-44A6-9D87-A80732482A40}.Debug|Any CPU.Build.0 = Debug|Any CPU
		{30E4A57B-54AC-44A6-9D87-A80732482A40}.Release|Any CPU.ActiveCfg = Release|Any CPU
		{30E4A57B-54AC-44A6-9D87-A80732482A40}.Release|Any CPU.Build.0 = Release|Any CPU
		{D2BBEB76-4611-4DA8-89D6-9B358B763FF8}.Debug|Any CPU.ActiveCfg = Debug|Any CPU
		{D2BBEB76-4611-4DA8-89D6-9B358B763FF8}.Debug|Any CPU.Build.0 = Debug|Any CPU
		{D2BBEB76-4611-4DA8-89D6-9B358B763FF8}.Release|Any CPU.ActiveCfg = Release|Any CPU
		{D2BBEB76-4611-4DA8-89D6-9B358B763FF8}.Release|Any CPU.Build.0 = Release|Any CPU
		{279448B8-94D0-4135-9814-C36CFA55540D}.Debug|Any CPU.ActiveCfg = Debug|Any CPU
		{279448B8-94D0-4135-9814-C36CFA55540D}.Debug|Any CPU.Build.0 = Debug|Any CPU
		{279448B8-94D0-4135-9814-C36CFA55540D}.Release|Any CPU.ActiveCfg = Release|Any CPU
		{279448B8-94D0-4135-9814-C36CFA55540D}.Release|Any CPU.Build.0 = Release|Any CPU
		{28201FD4-7ED9-4E95-BA2F-1D540FA82DAB}.Debug|Any CPU.ActiveCfg = Debug|Any CPU
		{28201FD4-7ED9-4E95-BA2F-1D540FA82DAB}.Debug|Any CPU.Build.0 = Debug|Any CPU
		{28201FD4-7ED9-4E95-BA2F-1D540FA82DAB}.Release|Any CPU.ActiveCfg = Release|Any CPU
		{28201FD4-7ED9-4E95-BA2F-1D540FA82DAB}.Release|Any CPU.Build.0 = Release|Any CPU
		{53756875-8CD3-4BBA-8195-FC7385F9EF9A}.Debug|Any CPU.ActiveCfg = Debug|Any CPU
		{53756875-8CD3-4BBA-8195-FC7385F9EF9A}.Debug|Any CPU.Build.0 = Debug|Any CPU
		{53756875-8CD3-4BBA-8195-FC7385F9EF9A}.Release|Any CPU.ActiveCfg = Release|Any CPU
		{53756875-8CD3-4BBA-8195-FC7385F9EF9A}.Release|Any CPU.Build.0 = Release|Any CPU
		{9BCA32AB-7D3D-4B48-A5AE-0A52249D64DE}.Debug|Any CPU.ActiveCfg = Debug|Any CPU
		{9BCA32AB-7D3D-4B48-A5AE-0A52249D64DE}.Debug|Any CPU.Build.0 = Debug|Any CPU
		{9BCA32AB-7D3D-4B48-A5AE-0A52249D64DE}.Release|Any CPU.ActiveCfg = Release|Any CPU
		{9BCA32AB-7D3D-4B48-A5AE-0A52249D64DE}.Release|Any CPU.Build.0 = Release|Any CPU
		{71EA2DA3-6C4A-4A28-AE52-EC828573B549}.Debug|Any CPU.ActiveCfg = Debug|Any CPU
		{71EA2DA3-6C4A-4A28-AE52-EC828573B549}.Debug|Any CPU.Build.0 = Debug|Any CPU
		{71EA2DA3-6C4A-4A28-AE52-EC828573B549}.Release|Any CPU.ActiveCfg = Release|Any CPU
		{71EA2DA3-6C4A-4A28-AE52-EC828573B549}.Release|Any CPU.Build.0 = Release|Any CPU
		{F0936567-EC14-4BA6-99F1-7EF182D42827}.Debug|Any CPU.ActiveCfg = Debug|Any CPU
		{F0936567-EC14-4BA6-99F1-7EF182D42827}.Debug|Any CPU.Build.0 = Debug|Any CPU
		{F0936567-EC14-4BA6-99F1-7EF182D42827}.Release|Any CPU.ActiveCfg = Release|Any CPU
		{F0936567-EC14-4BA6-99F1-7EF182D42827}.Release|Any CPU.Build.0 = Release|Any CPU
		{87B72C6A-91F0-40DC-AA66-E169DAC620CE}.Debug|Any CPU.ActiveCfg = Debug|Any CPU
		{87B72C6A-91F0-40DC-AA66-E169DAC620CE}.Debug|Any CPU.Build.0 = Debug|Any CPU
		{87B72C6A-91F0-40DC-AA66-E169DAC620CE}.Release|Any CPU.ActiveCfg = Release|Any CPU
		{87B72C6A-91F0-40DC-AA66-E169DAC620CE}.Release|Any CPU.Build.0 = Release|Any CPU
		{DC38AE8D-2E1A-4635-AFE2-D7B5755C67AC}.Debug|Any CPU.ActiveCfg = Debug|Any CPU
		{DC38AE8D-2E1A-4635-AFE2-D7B5755C67AC}.Debug|Any CPU.Build.0 = Debug|Any CPU
		{DC38AE8D-2E1A-4635-AFE2-D7B5755C67AC}.Release|Any CPU.ActiveCfg = Release|Any CPU
		{DC38AE8D-2E1A-4635-AFE2-D7B5755C67AC}.Release|Any CPU.Build.0 = Release|Any CPU
		{E763478E-8415-4471-BF20-E154770292E3}.Debug|Any CPU.ActiveCfg = Debug|Any CPU
		{E763478E-8415-4471-BF20-E154770292E3}.Debug|Any CPU.Build.0 = Debug|Any CPU
		{E763478E-8415-4471-BF20-E154770292E3}.Release|Any CPU.ActiveCfg = Release|Any CPU
		{E763478E-8415-4471-BF20-E154770292E3}.Release|Any CPU.Build.0 = Release|Any CPU
		{8356B257-312F-4195-8791-759D31DA6CF3}.Debug|Any CPU.ActiveCfg = Debug|Any CPU
		{8356B257-312F-4195-8791-759D31DA6CF3}.Debug|Any CPU.Build.0 = Debug|Any CPU
		{8356B257-312F-4195-8791-759D31DA6CF3}.Release|Any CPU.ActiveCfg = Release|Any CPU
		{8356B257-312F-4195-8791-759D31DA6CF3}.Release|Any CPU.Build.0 = Release|Any CPU
		{D7B993FD-6A98-406D-A726-9743C5FCA68C}.Debug|Any CPU.ActiveCfg = Debug|Any CPU
		{D7B993FD-6A98-406D-A726-9743C5FCA68C}.Debug|Any CPU.Build.0 = Debug|Any CPU
		{D7B993FD-6A98-406D-A726-9743C5FCA68C}.Release|Any CPU.ActiveCfg = Release|Any CPU
		{D7B993FD-6A98-406D-A726-9743C5FCA68C}.Release|Any CPU.Build.0 = Release|Any CPU
		{0693D27C-75A3-4BD1-B439-D61FBEE6CE65}.Debug|Any CPU.ActiveCfg = Debug|Any CPU
		{0693D27C-75A3-4BD1-B439-D61FBEE6CE65}.Debug|Any CPU.Build.0 = Debug|Any CPU
		{0693D27C-75A3-4BD1-B439-D61FBEE6CE65}.Release|Any CPU.ActiveCfg = Release|Any CPU
		{0693D27C-75A3-4BD1-B439-D61FBEE6CE65}.Release|Any CPU.Build.0 = Release|Any CPU
		{DA5DCB74-D0EF-436E-AC21-ED80F22EE5DF}.Debug|Any CPU.ActiveCfg = Debug|Any CPU
		{DA5DCB74-D0EF-436E-AC21-ED80F22EE5DF}.Debug|Any CPU.Build.0 = Debug|Any CPU
		{DA5DCB74-D0EF-436E-AC21-ED80F22EE5DF}.Release|Any CPU.ActiveCfg = Release|Any CPU
		{DA5DCB74-D0EF-436E-AC21-ED80F22EE5DF}.Release|Any CPU.Build.0 = Release|Any CPU
		{80EBE872-EC56-482F-88FB-F540C125175F}.Debug|Any CPU.ActiveCfg = Debug|Any CPU
		{80EBE872-EC56-482F-88FB-F540C125175F}.Debug|Any CPU.Build.0 = Debug|Any CPU
		{80EBE872-EC56-482F-88FB-F540C125175F}.Release|Any CPU.ActiveCfg = Release|Any CPU
		{80EBE872-EC56-482F-88FB-F540C125175F}.Release|Any CPU.Build.0 = Release|Any CPU
		{546E9E21-8B6E-44EC-87F4-5297949A43C1}.Debug|Any CPU.ActiveCfg = Debug|Any CPU
		{546E9E21-8B6E-44EC-87F4-5297949A43C1}.Debug|Any CPU.Build.0 = Debug|Any CPU
		{546E9E21-8B6E-44EC-87F4-5297949A43C1}.Release|Any CPU.ActiveCfg = Release|Any CPU
		{546E9E21-8B6E-44EC-87F4-5297949A43C1}.Release|Any CPU.Build.0 = Release|Any CPU
		{5F547235-F799-4613-9683-E866DE057FD0}.Debug|Any CPU.ActiveCfg = Debug|Any CPU
		{5F547235-F799-4613-9683-E866DE057FD0}.Debug|Any CPU.Build.0 = Debug|Any CPU
		{5F547235-F799-4613-9683-E866DE057FD0}.Release|Any CPU.ActiveCfg = Release|Any CPU
		{5F547235-F799-4613-9683-E866DE057FD0}.Release|Any CPU.Build.0 = Release|Any CPU
		{131F24EA-9293-4A67-AD46-B3477CB39754}.Debug|Any CPU.ActiveCfg = Debug|Any CPU
		{131F24EA-9293-4A67-AD46-B3477CB39754}.Debug|Any CPU.Build.0 = Debug|Any CPU
		{131F24EA-9293-4A67-AD46-B3477CB39754}.Release|Any CPU.ActiveCfg = Release|Any CPU
		{131F24EA-9293-4A67-AD46-B3477CB39754}.Release|Any CPU.Build.0 = Release|Any CPU
		{4A5D42E9-B58A-4640-AFE8-4EF2892A1F11}.Debug|Any CPU.ActiveCfg = Debug|Any CPU
		{4A5D42E9-B58A-4640-AFE8-4EF2892A1F11}.Debug|Any CPU.Build.0 = Debug|Any CPU
		{4A5D42E9-B58A-4640-AFE8-4EF2892A1F11}.Release|Any CPU.ActiveCfg = Release|Any CPU
		{4A5D42E9-B58A-4640-AFE8-4EF2892A1F11}.Release|Any CPU.Build.0 = Release|Any CPU
		{225063A3-6C7F-4E83-96E9-B4913C4E05CC}.Debug|Any CPU.ActiveCfg = Debug|Any CPU
		{225063A3-6C7F-4E83-96E9-B4913C4E05CC}.Debug|Any CPU.Build.0 = Debug|Any CPU
		{225063A3-6C7F-4E83-96E9-B4913C4E05CC}.Release|Any CPU.ActiveCfg = Release|Any CPU
		{225063A3-6C7F-4E83-96E9-B4913C4E05CC}.Release|Any CPU.Build.0 = Release|Any CPU
		{9C0371FB-A97B-4F91-8620-6A856AF92025}.Debug|Any CPU.ActiveCfg = Debug|Any CPU
		{9C0371FB-A97B-4F91-8620-6A856AF92025}.Debug|Any CPU.Build.0 = Debug|Any CPU
		{9C0371FB-A97B-4F91-8620-6A856AF92025}.Release|Any CPU.ActiveCfg = Release|Any CPU
		{9C0371FB-A97B-4F91-8620-6A856AF92025}.Release|Any CPU.Build.0 = Release|Any CPU
		{B67CB323-1E33-459F-9801-576D1A9F91B6}.Debug|Any CPU.ActiveCfg = Debug|Any CPU
		{B67CB323-1E33-459F-9801-576D1A9F91B6}.Debug|Any CPU.Build.0 = Debug|Any CPU
		{B67CB323-1E33-459F-9801-576D1A9F91B6}.Release|Any CPU.ActiveCfg = Release|Any CPU
		{B67CB323-1E33-459F-9801-576D1A9F91B6}.Release|Any CPU.Build.0 = Release|Any CPU
	EndGlobalSection
	GlobalSection(SolutionProperties) = preSolution
		HideSolutionNode = FALSE
	EndGlobalSection
	GlobalSection(ExtensibilityGlobals) = postSolution
		SolutionGuid = {BFC36EC5-2AD0-4905-B16D-65A519B71B1C}
	EndGlobalSection
EndGlobal
