
Microsoft Visual Studio Solution File, Format Version 12.00
# Visual Studio Version 17
VisualStudioVersion = 17.2.32519.379
MinimumVisualStudioVersion = 10.0.40219.1
Project("{9A19103F-16F7-4668-BE54-9A1E7A4F7556}") = "Ejemplos01", "Ejemplos01\Ejemplos01.csproj", "{92D99F9D-80FE-4E04-A569-04109D9198CF}"
EndProject
Project("{9A19103F-16F7-4668-BE54-9A1E7A4F7556}") = "Ejercicios01", "Ejercicios01\Ejercicios01.csproj", "{F10B8FC9-4E03-4932-B8A2-B8CAC3E583FB}"
EndProject
Project("{9A19103F-16F7-4668-BE54-9A1E7A4F7556}") = "EjemplosCadenas", "EjemplosCadenas\EjemplosCadenas.csproj", "{AFFC1121-16A4-4143-A86E-83D268187C06}"
EndProject
Project("{FAE04EC0-301F-11D3-BF4B-00C04F79EFBC}") = "EjemplosArray", "EjemplosArray\EjemplosArray.csproj", "{ABF7E8A3-0192-4144-88BE-2F3A315B34AA}"
EndProject
Project("{FAE04EC0-301F-11D3-BF4B-00C04F79EFBC}") = "EjemplosMetodos", "EjemplosMetodos\EjemplosMetodos.csproj", "{85258215-3AFD-4C30-825B-8E0CFA0EA9AD}"
EndProject
Project("{FAE04EC0-301F-11D3-BF4B-00C04F79EFBC}") = "EjemplosEnumStruct", "EjemplosEnumStruct\EjemplosEnumStruct.csproj", "{5E25FF41-A441-4773-97B9-EDB291727504}"
EndProject
Project("{FAE04EC0-301F-11D3-BF4B-00C04F79EFBC}") = "EjemplosClases", "EjemplosClases\EjemplosClases.csproj", "{7CA896F4-86C2-4904-B58A-6410B0500FE2}"
EndProject
Global
	GlobalSection(SolutionConfigurationPlatforms) = preSolution
		Debug|Any CPU = Debug|Any CPU
		Release|Any CPU = Release|Any CPU
	EndGlobalSection
	GlobalSection(ProjectConfigurationPlatforms) = postSolution
		{92D99F9D-80FE-4E04-A569-04109D9198CF}.Debug|Any CPU.ActiveCfg = Debug|Any CPU
		{92D99F9D-80FE-4E04-A569-04109D9198CF}.Debug|Any CPU.Build.0 = Debug|Any CPU
		{92D99F9D-80FE-4E04-A569-04109D9198CF}.Release|Any CPU.ActiveCfg = Release|Any CPU
		{92D99F9D-80FE-4E04-A569-04109D9198CF}.Release|Any CPU.Build.0 = Release|Any CPU
		{F10B8FC9-4E03-4932-B8A2-B8CAC3E583FB}.Debug|Any CPU.ActiveCfg = Debug|Any CPU
		{F10B8FC9-4E03-4932-B8A2-B8CAC3E583FB}.Debug|Any CPU.Build.0 = Debug|Any CPU
		{F10B8FC9-4E03-4932-B8A2-B8CAC3E583FB}.Release|Any CPU.ActiveCfg = Release|Any CPU
		{F10B8FC9-4E03-4932-B8A2-B8CAC3E583FB}.Release|Any CPU.Build.0 = Release|Any CPU
		{AFFC1121-16A4-4143-A86E-83D268187C06}.Debug|Any CPU.ActiveCfg = Debug|Any CPU
		{AFFC1121-16A4-4143-A86E-83D268187C06}.Debug|Any CPU.Build.0 = Debug|Any CPU
		{AFFC1121-16A4-4143-A86E-83D268187C06}.Release|Any CPU.ActiveCfg = Release|Any CPU
		{AFFC1121-16A4-4143-A86E-83D268187C06}.Release|Any CPU.Build.0 = Release|Any CPU
		{ABF7E8A3-0192-4144-88BE-2F3A315B34AA}.Debug|Any CPU.ActiveCfg = Debug|Any CPU
		{ABF7E8A3-0192-4144-88BE-2F3A315B34AA}.Debug|Any CPU.Build.0 = Debug|Any CPU
		{ABF7E8A3-0192-4144-88BE-2F3A315B34AA}.Release|Any CPU.ActiveCfg = Release|Any CPU
		{ABF7E8A3-0192-4144-88BE-2F3A315B34AA}.Release|Any CPU.Build.0 = Release|Any CPU
		{85258215-3AFD-4C30-825B-8E0CFA0EA9AD}.Debug|Any CPU.ActiveCfg = Debug|Any CPU
		{85258215-3AFD-4C30-825B-8E0CFA0EA9AD}.Debug|Any CPU.Build.0 = Debug|Any CPU
		{85258215-3AFD-4C30-825B-8E0CFA0EA9AD}.Release|Any CPU.ActiveCfg = Release|Any CPU
		{85258215-3AFD-4C30-825B-8E0CFA0EA9AD}.Release|Any CPU.Build.0 = Release|Any CPU
		{5E25FF41-A441-4773-97B9-EDB291727504}.Debug|Any CPU.ActiveCfg = Debug|Any CPU
		{5E25FF41-A441-4773-97B9-EDB291727504}.Debug|Any CPU.Build.0 = Debug|Any CPU
		{5E25FF41-A441-4773-97B9-EDB291727504}.Release|Any CPU.ActiveCfg = Release|Any CPU
		{5E25FF41-A441-4773-97B9-EDB291727504}.Release|Any CPU.Build.0 = Release|Any CPU
		{7CA896F4-86C2-4904-B58A-6410B0500FE2}.Debug|Any CPU.ActiveCfg = Debug|Any CPU
		{7CA896F4-86C2-4904-B58A-6410B0500FE2}.Debug|Any CPU.Build.0 = Debug|Any CPU
		{7CA896F4-86C2-4904-B58A-6410B0500FE2}.Release|Any CPU.ActiveCfg = Release|Any CPU
		{7CA896F4-86C2-4904-B58A-6410B0500FE2}.Release|Any CPU.Build.0 = Release|Any CPU
	EndGlobalSection
	GlobalSection(SolutionProperties) = preSolution
		HideSolutionNode = FALSE
	EndGlobalSection
	GlobalSection(ExtensibilityGlobals) = postSolution
		SolutionGuid = {BFC36EC5-2AD0-4905-B16D-65A519B71B1C}
	EndGlobalSection
EndGlobal
